// !$*UTF8*$!
{
	archiveVersion = 1;
	classes = {
	};
	objectVersion = 51;
	objects = {

/* Begin PBXBuildFile section */
		843A089625234E4E00A531A9 /* AppDelegate.swift in Sources */ = {isa = PBXBuildFile; fileRef = 843A089525234E4E00A531A9 /* AppDelegate.swift */; };
		843A089825234E4E00A531A9 /* SceneDelegate.swift in Sources */ = {isa = PBXBuildFile; fileRef = 843A089725234E4E00A531A9 /* SceneDelegate.swift */; };
		843A089A25234E4E00A531A9 /* ViewController.swift in Sources */ = {isa = PBXBuildFile; fileRef = 843A089925234E4E00A531A9 /* ViewController.swift */; };
		843A089D25234E4E00A531A9 /* Main.storyboard in Resources */ = {isa = PBXBuildFile; fileRef = 843A089B25234E4E00A531A9 /* Main.storyboard */; };
		843A089F25234E5900A531A9 /* Assets.xcassets in Resources */ = {isa = PBXBuildFile; fileRef = 843A089E25234E5900A531A9 /* Assets.xcassets */; };
		843A08A225234E5900A531A9 /* LaunchScreen.storyboard in Resources */ = {isa = PBXBuildFile; fileRef = 843A08A025234E5900A531A9 /* LaunchScreen.storyboard */; };
		843A08AC252354E600A531A9 /* ViewModel.swift in Sources */ = {isa = PBXBuildFile; fileRef = 843A08AB252354E600A531A9 /* ViewModel.swift */; };
		843A08B225248A4E00A531A9 /* AppCoordinator.swift in Sources */ = {isa = PBXBuildFile; fileRef = 843A08B125248A4E00A531A9 /* AppCoordinator.swift */; };
		843A08B42524952900A531A9 /* Protocols.swift in Sources */ = {isa = PBXBuildFile; fileRef = 843A08B32524952900A531A9 /* Protocols.swift */; };
		843A08B72524B30B00A531A9 /* Weather.swift in Sources */ = {isa = PBXBuildFile; fileRef = 843A08B62524B30B00A531A9 /* Weather.swift */; };
		843A08B92524E7CD00A531A9 /* WeatherViewModel.swift in Sources */ = {isa = PBXBuildFile; fileRef = 843A08B82524E7CD00A531A9 /* WeatherViewModel.swift */; };
		843A08BB2525DAC900A531A9 /* WeatherModel.swift in Sources */ = {isa = PBXBuildFile; fileRef = 843A08BA2525DAC900A531A9 /* WeatherModel.swift */; };
		84D1CF9225263293007C73DB /* TableViewCell.swift in Sources */ = {isa = PBXBuildFile; fileRef = 84D1CF9125263293007C73DB /* TableViewCell.swift */; };
		84D1D033252F4348007C73DB /* Service.swift in Sources */ = {isa = PBXBuildFile; fileRef = 84D1D032252F4348007C73DB /* Service.swift */; };
		B216FF8E35E5703182A0D072 /* Pods_10Words.framework in Frameworks */ = {isa = PBXBuildFile; fileRef = 8569E7CDBA4847D8373DA03A /* Pods_10Words.framework */; };
/* End PBXBuildFile section */

/* Begin PBXFileReference section */
		06B34DD64F6D412AF0483813 /* Pods-10Words.release.xcconfig */ = {isa = PBXFileReference; includeInIndex = 1; lastKnownFileType = text.xcconfig; name = "Pods-10Words.release.xcconfig"; path = "Target Support Files/Pods-10Words/Pods-10Words.release.xcconfig"; sourceTree = "<group>"; };
		48C488060B4E6E57775FA7BD /* Pods-10Words.debug.xcconfig */ = {isa = PBXFileReference; includeInIndex = 1; lastKnownFileType = text.xcconfig; name = "Pods-10Words.debug.xcconfig"; path = "Target Support Files/Pods-10Words/Pods-10Words.debug.xcconfig"; sourceTree = "<group>"; };
		843A089225234E4E00A531A9 /* 10Words.app */ = {isa = PBXFileReference; explicitFileType = wrapper.application; includeInIndex = 0; path = 10Words.app; sourceTree = BUILT_PRODUCTS_DIR; };
		843A089525234E4E00A531A9 /* AppDelegate.swift */ = {isa = PBXFileReference; lastKnownFileType = sourcecode.swift; path = AppDelegate.swift; sourceTree = "<group>"; };
		843A089725234E4E00A531A9 /* SceneDelegate.swift */ = {isa = PBXFileReference; lastKnownFileType = sourcecode.swift; path = SceneDelegate.swift; sourceTree = "<group>"; };
		843A089925234E4E00A531A9 /* ViewController.swift */ = {isa = PBXFileReference; lastKnownFileType = sourcecode.swift; path = ViewController.swift; sourceTree = "<group>"; };
		843A089C25234E4E00A531A9 /* Base */ = {isa = PBXFileReference; lastKnownFileType = file.storyboard; name = Base; path = Base.lproj/Main.storyboard; sourceTree = "<group>"; };
		843A089E25234E5900A531A9 /* Assets.xcassets */ = {isa = PBXFileReference; lastKnownFileType = folder.assetcatalog; path = Assets.xcassets; sourceTree = "<group>"; };
		843A08A125234E5900A531A9 /* Base */ = {isa = PBXFileReference; lastKnownFileType = file.storyboard; name = Base; path = Base.lproj/LaunchScreen.storyboard; sourceTree = "<group>"; };
		843A08A325234E5900A531A9 /* Info.plist */ = {isa = PBXFileReference; lastKnownFileType = text.plist.xml; path = Info.plist; sourceTree = "<group>"; };
		843A08AB252354E600A531A9 /* ViewModel.swift */ = {isa = PBXFileReference; lastKnownFileType = sourcecode.swift; path = ViewModel.swift; sourceTree = "<group>"; };
		843A08B125248A4E00A531A9 /* AppCoordinator.swift */ = {isa = PBXFileReference; lastKnownFileType = sourcecode.swift; path = AppCoordinator.swift; sourceTree = "<group>"; };
		843A08B32524952900A531A9 /* Protocols.swift */ = {isa = PBXFileReference; lastKnownFileType = sourcecode.swift; path = Protocols.swift; sourceTree = "<group>"; };
		843A08B62524B30B00A531A9 /* Weather.swift */ = {isa = PBXFileReference; lastKnownFileType = sourcecode.swift; path = Weather.swift; sourceTree = "<group>"; };
		843A08B82524E7CD00A531A9 /* WeatherViewModel.swift */ = {isa = PBXFileReference; lastKnownFileType = sourcecode.swift; path = WeatherViewModel.swift; sourceTree = "<group>"; };
		843A08BA2525DAC900A531A9 /* WeatherModel.swift */ = {isa = PBXFileReference; lastKnownFileType = sourcecode.swift; path = WeatherModel.swift; sourceTree = "<group>"; };
		84D1CF9125263293007C73DB /* TableViewCell.swift */ = {isa = PBXFileReference; lastKnownFileType = sourcecode.swift; path = TableViewCell.swift; sourceTree = "<group>"; };
		84D1D032252F4348007C73DB /* Service.swift */ = {isa = PBXFileReference; lastKnownFileType = sourcecode.swift; path = Service.swift; sourceTree = "<group>"; };
		8569E7CDBA4847D8373DA03A /* Pods_10Words.framework */ = {isa = PBXFileReference; explicitFileType = wrapper.framework; includeInIndex = 0; path = Pods_10Words.framework; sourceTree = BUILT_PRODUCTS_DIR; };
/* End PBXFileReference section */

/* Begin PBXFrameworksBuildPhase section */
		843A088F25234E4E00A531A9 /* Frameworks */ = {
			isa = PBXFrameworksBuildPhase;
			buildActionMask = 2147483647;
			files = (
				B216FF8E35E5703182A0D072 /* Pods_10Words.framework in Frameworks */,
			);
			runOnlyForDeploymentPostprocessing = 0;
		};
/* End PBXFrameworksBuildPhase section */

/* Begin PBXGroup section */
		1AF89C45879404219AD9CDFF /* Frameworks */ = {
			isa = PBXGroup;
			children = (
				8569E7CDBA4847D8373DA03A /* Pods_10Words.framework */,
			);
			name = Frameworks;
			sourceTree = "<group>";
		};
		843A088925234E4E00A531A9 = {
			isa = PBXGroup;
			children = (
				843A089425234E4E00A531A9 /* 10Words */,
				843A089325234E4E00A531A9 /* Products */,
				EA46D64C2B193CAEBA94CD0A /* Pods */,
				1AF89C45879404219AD9CDFF /* Frameworks */,
			);
			sourceTree = "<group>";
		};
		843A089325234E4E00A531A9 /* Products */ = {
			isa = PBXGroup;
			children = (
				843A089225234E4E00A531A9 /* 10Words.app */,
			);
			name = Products;
			sourceTree = "<group>";
		};
		843A089425234E4E00A531A9 /* 10Words */ = {
			isa = PBXGroup;
			children = (
				843A089525234E4E00A531A9 /* AppDelegate.swift */,
				843A08B125248A4E00A531A9 /* AppCoordinator.swift */,
				843A08B32524952900A531A9 /* Protocols.swift */,
				843A089725234E4E00A531A9 /* SceneDelegate.swift */,
				843A08AD2523572B00A531A9 /* View */,
				843A08AE2523573A00A531A9 /* ViewModel */,
				843A08B525249D1600A531A9 /* Models */,
				843A089E25234E5900A531A9 /* Assets.xcassets */,
				843A08A025234E5900A531A9 /* LaunchScreen.storyboard */,
				843A08A325234E5900A531A9 /* Info.plist */,
			);
			path = 10Words;
			sourceTree = "<group>";
		};
		843A08AD2523572B00A531A9 /* View */ = {
			isa = PBXGroup;
			children = (
				843A089925234E4E00A531A9 /* ViewController.swift */,
				843A089B25234E4E00A531A9 /* Main.storyboard */,
				84D1CF9125263293007C73DB /* TableViewCell.swift */,
			);
			path = View;
			sourceTree = "<group>";
		};
		843A08AE2523573A00A531A9 /* ViewModel */ = {
			isa = PBXGroup;
			children = (
				843A08AB252354E600A531A9 /* ViewModel.swift */,
			);
			path = ViewModel;
			sourceTree = "<group>";
		};
		843A08B525249D1600A531A9 /* Models */ = {
			isa = PBXGroup;
			children = (
				84D1D032252F4348007C73DB /* Service.swift */,
				843A08BA2525DAC900A531A9 /* WeatherModel.swift */,
				843A08B62524B30B00A531A9 /* Weather.swift */,
				843A08B82524E7CD00A531A9 /* WeatherViewModel.swift */,
			);
			path = Models;
			sourceTree = "<group>";
		};
		EA46D64C2B193CAEBA94CD0A /* Pods */ = {
			isa = PBXGroup;
			children = (
				48C488060B4E6E57775FA7BD /* Pods-10Words.debug.xcconfig */,
				06B34DD64F6D412AF0483813 /* Pods-10Words.release.xcconfig */,
			);
			path = Pods;
			sourceTree = "<group>";
		};
/* End PBXGroup section */

/* Begin PBXNativeTarget section */
		843A089125234E4E00A531A9 /* 10Words */ = {
			isa = PBXNativeTarget;
			buildConfigurationList = 843A08A625234E5900A531A9 /* Build configuration list for PBXNativeTarget "10Words" */;
			buildPhases = (
				423C832F1F937F7BA84A95D5 /* [CP] Check Pods Manifest.lock */,
				843A088E25234E4E00A531A9 /* Sources */,
				843A088F25234E4E00A531A9 /* Frameworks */,
				843A089025234E4E00A531A9 /* Resources */,
				3DFCA2F1E1CEF67DED4E3B33 /* [CP] Embed Pods Frameworks */,
			);
			buildRules = (
			);
			dependencies = (
			);
			name = 10Words;
			productName = 10Words;
			productReference = 843A089225234E4E00A531A9 /* 10Words.app */;
			productType = "com.apple.product-type.application";
		};
/* End PBXNativeTarget section */

/* Begin PBXProject section */
		843A088A25234E4E00A531A9 /* Project object */ = {
			isa = PBXProject;
			attributes = {
				LastSwiftUpdateCheck = 1170;
				LastUpgradeCheck = 1170;
				ORGANIZATIONNAME = Natali;
				TargetAttributes = {
					843A089125234E4E00A531A9 = {
						CreatedOnToolsVersion = 11.7;
					};
				};
			};
			buildConfigurationList = 843A088D25234E4E00A531A9 /* Build configuration list for PBXProject "10Words" */;
			compatibilityVersion = "Xcode 9.3";
			developmentRegion = en;
			hasScannedForEncodings = 0;
			knownRegions = (
				en,
				Base,
			);
			mainGroup = 843A088925234E4E00A531A9;
			productRefGroup = 843A089325234E4E00A531A9 /* Products */;
			projectDirPath = "";
			projectRoot = "";
			targets = (
				843A089125234E4E00A531A9 /* 10Words */,
			);
		};
/* End PBXProject section */

/* Begin PBXResourcesBuildPhase section */
		843A089025234E4E00A531A9 /* Resources */ = {
			isa = PBXResourcesBuildPhase;
			buildActionMask = 2147483647;
			files = (
				843A08A225234E5900A531A9 /* LaunchScreen.storyboard in Resources */,
				843A089F25234E5900A531A9 /* Assets.xcassets in Resources */,
				843A089D25234E4E00A531A9 /* Main.storyboard in Resources */,
			);
			runOnlyForDeploymentPostprocessing = 0;
		};
/* End PBXResourcesBuildPhase section */

/* Begin PBXShellScriptBuildPhase section */
		3DFCA2F1E1CEF67DED4E3B33 /* [CP] Embed Pods Frameworks */ = {
			isa = PBXShellScriptBuildPhase;
			buildActionMask = 2147483647;
			files = (
			);
			inputFileListPaths = (
				"${PODS_ROOT}/Target Support Files/Pods-10Words/Pods-10Words-frameworks-${CONFIGURATION}-input-files.xcfilelist",
			);
			name = "[CP] Embed Pods Frameworks";
			outputFileListPaths = (
				"${PODS_ROOT}/Target Support Files/Pods-10Words/Pods-10Words-frameworks-${CONFIGURATION}-output-files.xcfilelist",
			);
			runOnlyForDeploymentPostprocessing = 0;
			shellPath = /bin/sh;
			shellScript = "\"${PODS_ROOT}/Target Support Files/Pods-10Words/Pods-10Words-frameworks.sh\"\n";
			showEnvVarsInLog = 0;
		};
		423C832F1F937F7BA84A95D5 /* [CP] Check Pods Manifest.lock */ = {
			isa = PBXShellScriptBuildPhase;
			buildActionMask = 2147483647;
			files = (
			);
			inputFileListPaths = (
			);
			inputPaths = (
				"${PODS_PODFILE_DIR_PATH}/Podfile.lock",
				"${PODS_ROOT}/Manifest.lock",
			);
			name = "[CP] Check Pods Manifest.lock";
			outputFileListPaths = (
			);
			outputPaths = (
				"$(DERIVED_FILE_DIR)/Pods-10Words-checkManifestLockResult.txt",
			);
			runOnlyForDeploymentPostprocessing = 0;
			shellPath = /bin/sh;
			shellScript = "diff \"${PODS_PODFILE_DIR_PATH}/Podfile.lock\" \"${PODS_ROOT}/Manifest.lock\" > /dev/null\nif [ $? != 0 ] ; then\n    # print error to STDERR\n    echo \"error: The sandbox is not in sync with the Podfile.lock. Run 'pod install' or update your CocoaPods installation.\" >&2\n    exit 1\nfi\n# This output is used by Xcode 'outputs' to avoid re-running this script phase.\necho \"SUCCESS\" > \"${SCRIPT_OUTPUT_FILE_0}\"\n";
			showEnvVarsInLog = 0;
		};
/* End PBXShellScriptBuildPhase section */

/* Begin PBXSourcesBuildPhase section */
		843A088E25234E4E00A531A9 /* Sources */ = {
			isa = PBXSourcesBuildPhase;
			buildActionMask = 2147483647;
			files = (
				843A08B225248A4E00A531A9 /* AppCoordinator.swift in Sources */,
				843A08B92524E7CD00A531A9 /* WeatherViewModel.swift in Sources */,
				843A08AC252354E600A531A9 /* ViewModel.swift in Sources */,
				843A08B42524952900A531A9 /* Protocols.swift in Sources */,
				843A089A25234E4E00A531A9 /* ViewController.swift in Sources */,
				84D1D033252F4348007C73DB /* Service.swift in Sources */,
				84D1CF9225263293007C73DB /* TableViewCell.swift in Sources */,
				843A08BB2525DAC900A531A9 /* WeatherModel.swift in Sources */,
				843A089625234E4E00A531A9 /* AppDelegate.swift in Sources */,
				843A08B72524B30B00A531A9 /* Weather.swift in Sources */,
				843A089825234E4E00A531A9 /* SceneDelegate.swift in Sources */,
			);
			runOnlyForDeploymentPostprocessing = 0;
		};
/* End PBXSourcesBuildPhase section */

/* Begin PBXVariantGroup section */
		843A089B25234E4E00A531A9 /* Main.storyboard */ = {
			isa = PBXVariantGroup;
			children = (
				843A089C25234E4E00A531A9 /* Base */,
			);
			name = Main.storyboard;
			sourceTree = "<group>";
		};
		843A08A025234E5900A531A9 /* LaunchScreen.storyboard */ = {
			isa = PBXVariantGroup;
			children = (
				843A08A125234E5900A531A9 /* Base */,
			);
			name = LaunchScreen.storyboard;
			sourceTree = "<group>";
		};
/* End PBXVariantGroup section */

/* Begin XCBuildConfiguration section */
		843A08A425234E5900A531A9 /* Debug */ = {
			isa = XCBuildConfiguration;
			buildSettings = {
				ALWAYS_SEARCH_USER_PATHS = NO;
				CLANG_ANALYZER_NONNULL = YES;
				CLANG_ANALYZER_NUMBER_OBJECT_CONVERSION = YES_AGGRESSIVE;
				CLANG_CXX_LANGUAGE_STANDARD = "gnu++14";
				CLANG_CXX_LIBRARY = "libc++";
				CLANG_ENABLE_MODULES = YES;
				CLANG_ENABLE_OBJC_ARC = YES;
				CLANG_ENABLE_OBJC_WEAK = YES;
				CLANG_WARN_BLOCK_CAPTURE_AUTORELEASING = YES;
				CLANG_WARN_BOOL_CONVERSION = YES;
				CLANG_WARN_COMMA = YES;
				CLANG_WARN_CONSTANT_CONVERSION = YES;
				CLANG_WARN_DEPRECATED_OBJC_IMPLEMENTATIONS = YES;
				CLANG_WARN_DIRECT_OBJC_ISA_USAGE = YES_ERROR;
				CLANG_WARN_DOCUMENTATION_COMMENTS = YES;
				CLANG_WARN_EMPTY_BODY = YES;
				CLANG_WARN_ENUM_CONVERSION = YES;
				CLANG_WARN_INFINITE_RECURSION = YES;
				CLANG_WARN_INT_CONVERSION = YES;
				CLANG_WARN_NON_LITERAL_NULL_CONVERSION = YES;
				CLANG_WARN_OBJC_IMPLICIT_RETAIN_SELF = YES;
				CLANG_WARN_OBJC_LITERAL_CONVERSION = YES;
				CLANG_WARN_OBJC_ROOT_CLASS = YES_ERROR;
				CLANG_WARN_RANGE_LOOP_ANALYSIS = YES;
				CLANG_WARN_STRICT_PROTOTYPES = YES;
				CLANG_WARN_SUSPICIOUS_MOVE = YES;
				CLANG_WARN_UNGUARDED_AVAILABILITY = YES_AGGRESSIVE;
				CLANG_WARN_UNREACHABLE_CODE = YES;
				CLANG_WARN__DUPLICATE_METHOD_MATCH = YES;
				COPY_PHASE_STRIP = NO;
				DEBUG_INFORMATION_FORMAT = dwarf;
				ENABLE_STRICT_OBJC_MSGSEND = YES;
				ENABLE_TESTABILITY = YES;
				GCC_C_LANGUAGE_STANDARD = gnu11;
				GCC_DYNAMIC_NO_PIC = NO;
				GCC_NO_COMMON_BLOCKS = YES;
				GCC_OPTIMIZATION_LEVEL = 0;
				GCC_PREPROCESSOR_DEFINITIONS = (
					"DEBUG=1",
					"$(inherited)",
				);
				GCC_WARN_64_TO_32_BIT_CONVERSION = YES;
				GCC_WARN_ABOUT_RETURN_TYPE = YES_ERROR;
				GCC_WARN_UNDECLARED_SELECTOR = YES;
				GCC_WARN_UNINITIALIZED_AUTOS = YES_AGGRESSIVE;
				GCC_WARN_UNUSED_FUNCTION = YES;
				GCC_WARN_UNUSED_VARIABLE = YES;
				IPHONEOS_DEPLOYMENT_TARGET = 13.7;
				MTL_ENABLE_DEBUG_INFO = INCLUDE_SOURCE;
				MTL_FAST_MATH = YES;
				ONLY_ACTIVE_ARCH = YES;
				SDKROOT = iphoneos;
				SWIFT_ACTIVE_COMPILATION_CONDITIONS = DEBUG;
				SWIFT_OPTIMIZATION_LEVEL = "-Onone";
			};
			name = Debug;
		};
		843A08A525234E5900A531A9 /* Release */ = {
			isa = XCBuildConfiguration;
			buildSettings = {
				ALWAYS_SEARCH_USER_PATHS = NO;
				CLANG_ANALYZER_NONNULL = YES;
				CLANG_ANALYZER_NUMBER_OBJECT_CONVERSION = YES_AGGRESSIVE;
				CLANG_CXX_LANGUAGE_STANDARD = "gnu++14";
				CLANG_CXX_LIBRARY = "libc++";
				CLANG_ENABLE_MODULES = YES;
				CLANG_ENABLE_OBJC_ARC = YES;
				CLANG_ENABLE_OBJC_WEAK = YES;
				CLANG_WARN_BLOCK_CAPTURE_AUTORELEASING = YES;
				CLANG_WARN_BOOL_CONVERSION = YES;
				CLANG_WARN_COMMA = YES;
				CLANG_WARN_CONSTANT_CONVERSION = YES;
				CLANG_WARN_DEPRECATED_OBJC_IMPLEMENTATIONS = YES;
				CLANG_WARN_DIRECT_OBJC_ISA_USAGE = YES_ERROR;
				CLANG_WARN_DOCUMENTATION_COMMENTS = YES;
				CLANG_WARN_EMPTY_BODY = YES;
				CLANG_WARN_ENUM_CONVERSION = YES;
				CLANG_WARN_INFINITE_RECURSION = YES;
				CLANG_WARN_INT_CONVERSION = YES;
				CLANG_WARN_NON_LITERAL_NULL_CONVERSION = YES;
				CLANG_WARN_OBJC_IMPLICIT_RETAIN_SELF = YES;
				CLANG_WARN_OBJC_LITERAL_CONVERSION = YES;
				CLANG_WARN_OBJC_ROOT_CLASS = YES_ERROR;
				CLANG_WARN_RANGE_LOOP_ANALYSIS = YES;
				CLANG_WARN_STRICT_PROTOTYPES = YES;
				CLANG_WARN_SUSPICIOUS_MOVE = YES;
				CLANG_WARN_UNGUARDED_AVAILABILITY = YES_AGGRESSIVE;
				CLANG_WARN_UNREACHABLE_CODE = YES;
				CLANG_WARN__DUPLICATE_METHOD_MATCH = YES;
				COPY_PHASE_STRIP = NO;
				DEBUG_INFORMATION_FORMAT = "dwarf-with-dsym";
				ENABLE_NS_ASSERTIONS = NO;
				ENABLE_STRICT_OBJC_MSGSEND = YES;
				GCC_C_LANGUAGE_STANDARD = gnu11;
				GCC_NO_COMMON_BLOCKS = YES;
				GCC_WARN_64_TO_32_BIT_CONVERSION = YES;
				GCC_WARN_ABOUT_RETURN_TYPE = YES_ERROR;
				GCC_WARN_UNDECLARED_SELECTOR = YES;
				GCC_WARN_UNINITIALIZED_AUTOS = YES_AGGRESSIVE;
				GCC_WARN_UNUSED_FUNCTION = YES;
				GCC_WARN_UNUSED_VARIABLE = YES;
				IPHONEOS_DEPLOYMENT_TARGET = 13.7;
				MTL_ENABLE_DEBUG_INFO = NO;
				MTL_FAST_MATH = YES;
				SDKROOT = iphoneos;
				SWIFT_COMPILATION_MODE = wholemodule;
				SWIFT_OPTIMIZATION_LEVEL = "-O";
				VALIDATE_PRODUCT = YES;
			};
			name = Release;
		};
		843A08A725234E5900A531A9 /* Debug */ = {
			isa = XCBuildConfiguration;
			baseConfigurationReference = 48C488060B4E6E57775FA7BD /* Pods-10Words.debug.xcconfig */;
			buildSettings = {
				ASSETCATALOG_COMPILER_APPICON_NAME = AppIcon;
				CODE_SIGN_STYLE = Automatic;
				DEVELOPMENT_TEAM = QSXLP7SN7B;
				INFOPLIST_FILE = 10Words/Info.plist;
				LD_RUNPATH_SEARCH_PATHS = (
					"$(inherited)",
					"@executable_path/Frameworks",
				);
				PRODUCT_BUNDLE_IDENTIFIER = "com.natali.-0Words";
				PRODUCT_NAME = "$(TARGET_NAME)";
				SWIFT_VERSION = 5.0;
				TARGETED_DEVICE_FAMILY = "1,2";
			};
			name = Debug;
		};
		843A08A825234E5900A531A9 /* Release */ = {
			isa = XCBuildConfiguration;
			baseConfigurationReference = 06B34DD64F6D412AF0483813 /* Pods-10Words.release.xcconfig */;
			buildSettings = {
				ASSETCATALOG_COMPILER_APPICON_NAME = AppIcon;
				CODE_SIGN_STYLE = Automatic;
				DEVELOPMENT_TEAM = QSXLP7SN7B;
				INFOPLIST_FILE = 10Words/Info.plist;
				LD_RUNPATH_SEARCH_PATHS = (
					"$(inherited)",
					"@executable_path/Frameworks",
				);
				PRODUCT_BUNDLE_IDENTIFIER = "com.natali.-0Words";
				PRODUCT_NAME = "$(TARGET_NAME)";
				SWIFT_VERSION = 5.0;
				TARGETED_DEVICE_FAMILY = "1,2";
			};
			name = Release;
		};
/* End XCBuildConfiguration section */

/* Begin XCConfigurationList section */
		843A088D25234E4E00A531A9 /* Build configuration list for PBXProject "10Words" */ = {
			isa = XCConfigurationList;
			buildConfigurations = (
				843A08A425234E5900A531A9 /* Debug */,
				843A08A525234E5900A531A9 /* Release */,
			);
			defaultConfigurationIsVisible = 0;
			defaultConfigurationName = Release;
		};
		843A08A625234E5900A531A9 /* Build configuration list for PBXNativeTarget "10Words" */ = {
			isa = XCConfigurationList;
			buildConfigurations = (
				843A08A725234E5900A531A9 /* Debug */,
				843A08A825234E5900A531A9 /* Release */,
			);
			defaultConfigurationIsVisible = 0;
			defaultConfigurationName = Release;
		};
/* End XCConfigurationList section */
	};
	rootObject = 843A088A25234E4E00A531A9 /* Project object */;
}
